
Microsoft Visual Studio Solution File, Format Version 12.00
# Visual Studio Version 17
VisualStudioVersion = 17.0.31903.59
MinimumVisualStudioVersion = 10.0.40219.1
Project("{2150E333-8FDC-42A3-9474-1A3956D46DE8}") = "src", "src", "{0BEE62BD-1738-4D0C-923E-32EF854B938A}"
EndProject
Project("{FAE04EC0-301F-11D3-BF4B-00C04F79EFBC}") = "AdventOfCode2020", "src\AdventOfCode2020\AdventOfCode2020.csproj", "{246969C5-9EE5-4386-92FF-25B5D984FB51}"
EndProject
Project("{FAE04EC0-301F-11D3-BF4B-00C04F79EFBC}") = "AdventOfCode2024", "src\AdventOfCode2024\AdventOfCode2024.csproj", "{6A127BEC-34AE-44D8-9386-026304008E37}"
EndProject
Global
	GlobalSection(SolutionConfigurationPlatforms) = preSolution
		Debug|Any CPU = Debug|Any CPU
		Release|Any CPU = Release|Any CPU
	EndGlobalSection
	GlobalSection(SolutionProperties) = preSolution
		HideSolutionNode = FALSE
	EndGlobalSection
	GlobalSection(ProjectConfigurationPlatforms) = postSolution
		{246969C5-9EE5-4386-92FF-25B5D984FB51}.Debug|Any CPU.ActiveCfg = Debug|Any CPU
		{246969C5-9EE5-4386-92FF-25B5D984FB51}.Debug|Any CPU.Build.0 = Debug|Any CPU
		{246969C5-9EE5-4386-92FF-25B5D984FB51}.Release|Any CPU.ActiveCfg = Release|Any CPU
		{246969C5-9EE5-4386-92FF-25B5D984FB51}.Release|Any CPU.Build.0 = Release|Any CPU
		{6A127BEC-34AE-44D8-9386-026304008E37}.Debug|Any CPU.ActiveCfg = Debug|Any CPU
		{6A127BEC-34AE-44D8-9386-026304008E37}.Debug|Any CPU.Build.0 = Debug|Any CPU
		{6A127BEC-34AE-44D8-9386-026304008E37}.Release|Any CPU.ActiveCfg = Release|Any CPU
		{6A127BEC-34AE-44D8-9386-026304008E37}.Release|Any CPU.Build.0 = Release|Any CPU
	EndGlobalSection
	GlobalSection(NestedProjects) = preSolution
		{246969C5-9EE5-4386-92FF-25B5D984FB51} = {0BEE62BD-1738-4D0C-923E-32EF854B938A}
		{6A127BEC-34AE-44D8-9386-026304008E37} = {0BEE62BD-1738-4D0C-923E-32EF854B938A}
	EndGlobalSection
EndGlobal
